
Microsoft Visual Studio Solution File, Format Version 12.00
# Visual Studio Version 16
VisualStudioVersion = 16.0.31515.178
MinimumVisualStudioVersion = 10.0.40219.1
Project("{9A19103F-16F7-4668-BE54-9A1E7A4F7556}") = "Dio.avaCloud.Entidades", "Dio.avaCloud.Entidades\Dio.avaCloud.Entidades.csproj", "{A177E4AB-0666-4D4F-A6E5-238961FFEA64}"
EndProject
Project("{9A19103F-16F7-4668-BE54-9A1E7A4F7556}") = "Dio.avaCloud.Tests", "Dio.avaCloud.Tests\Dio.avaCloud.Tests.csproj", "{1FF29F30-0993-4C12-A5A0-BC277E9852E4}"
EndProject
Project("{FAE04EC0-301F-11D3-BF4B-00C04F79EFBC}") = "Dio.avaCloud.Infra", "Dio.avaCloud.Infra\Dio.avaCloud.Infra.csproj", "{05D1179F-26D8-4B73-ACD2-D559EBEA19A2}"
EndProject
Project("{FAE04EC0-301F-11D3-BF4B-00C04F79EFBC}") = "Dio.avaCloud.Apis", "Dio.avaCloud.Apis\Dio.avaCloud.Apis.csproj", "{36D85179-CD44-41CD-8208-2B365E22CFB7}"
EndProject
Global
	GlobalSection(SolutionConfigurationPlatforms) = preSolution
		Debug|Any CPU = Debug|Any CPU
		Release|Any CPU = Release|Any CPU
	EndGlobalSection
	GlobalSection(ProjectConfigurationPlatforms) = postSolution
		{A177E4AB-0666-4D4F-A6E5-238961FFEA64}.Debug|Any CPU.ActiveCfg = Debug|Any CPU
		{A177E4AB-0666-4D4F-A6E5-238961FFEA64}.Debug|Any CPU.Build.0 = Debug|Any CPU
		{A177E4AB-0666-4D4F-A6E5-238961FFEA64}.Release|Any CPU.ActiveCfg = Release|Any CPU
		{A177E4AB-0666-4D4F-A6E5-238961FFEA64}.Release|Any CPU.Build.0 = Release|Any CPU
		{1FF29F30-0993-4C12-A5A0-BC277E9852E4}.Debug|Any CPU.ActiveCfg = Debug|Any CPU
		{1FF29F30-0993-4C12-A5A0-BC277E9852E4}.Debug|Any CPU.Build.0 = Debug|Any CPU
		{1FF29F30-0993-4C12-A5A0-BC277E9852E4}.Release|Any CPU.ActiveCfg = Release|Any CPU
		{1FF29F30-0993-4C12-A5A0-BC277E9852E4}.Release|Any CPU.Build.0 = Release|Any CPU
		{05D1179F-26D8-4B73-ACD2-D559EBEA19A2}.Debug|Any CPU.ActiveCfg = Debug|Any CPU
		{05D1179F-26D8-4B73-ACD2-D559EBEA19A2}.Debug|Any CPU.Build.0 = Debug|Any CPU
		{05D1179F-26D8-4B73-ACD2-D559EBEA19A2}.Release|Any CPU.ActiveCfg = Release|Any CPU
		{05D1179F-26D8-4B73-ACD2-D559EBEA19A2}.Release|Any CPU.Build.0 = Release|Any CPU
		{36D85179-CD44-41CD-8208-2B365E22CFB7}.Debug|Any CPU.ActiveCfg = Debug|Any CPU
		{36D85179-CD44-41CD-8208-2B365E22CFB7}.Debug|Any CPU.Build.0 = Debug|Any CPU
		{36D85179-CD44-41CD-8208-2B365E22CFB7}.Release|Any CPU.ActiveCfg = Release|Any CPU
		{36D85179-CD44-41CD-8208-2B365E22CFB7}.Release|Any CPU.Build.0 = Release|Any CPU
	EndGlobalSection
	GlobalSection(SolutionProperties) = preSolution
		HideSolutionNode = FALSE
	EndGlobalSection
	GlobalSection(ExtensibilityGlobals) = postSolution
		SolutionGuid = {15EEF6EF-56D2-44C5-BFCF-D11232496852}
	EndGlobalSection
EndGlobal
